// !$*UTF8*$!
{
	archiveVersion = 1;
	classes = {
	};
	objectVersion = 46;
	objects = {

/* Begin PBXBuildFile section */
		7B36C9131D61B65B005FC2E1 /* CommonViewController.m in Sources */ = {isa = PBXBuildFile; fileRef = 7B36C9121D61B65B005FC2E1 /* CommonViewController.m */; };
		7B36C9161D61B679005FC2E1 /* BaseViewController.m in Sources */ = {isa = PBXBuildFile; fileRef = 7B36C9151D61B679005FC2E1 /* BaseViewController.m */; };
		7B9921AD1D66EAB2009FAE8C /* SLLYMenuButton.m in Sources */ = {isa = PBXBuildFile; fileRef = 7B9921AC1D66EAB2009FAE8C /* SLLYMenuButton.m */; };
		7BC6AEFC1D61A677005EE8FB /* main.m in Sources */ = {isa = PBXBuildFile; fileRef = 7BC6AEFB1D61A677005EE8FB /* main.m */; };
		7BC6AEFF1D61A677005EE8FB /* AppDelegate.m in Sources */ = {isa = PBXBuildFile; fileRef = 7BC6AEFE1D61A677005EE8FB /* AppDelegate.m */; };
		7BC6AF071D61A677005EE8FB /* Assets.xcassets in Resources */ = {isa = PBXBuildFile; fileRef = 7BC6AF061D61A677005EE8FB /* Assets.xcassets */; };
		7BEC0E701D62B1A9008C3D21 /* SLLYMenuViewController.m in Sources */ = {isa = PBXBuildFile; fileRef = 7BEC0E6F1D62B1A9008C3D21 /* SLLYMenuViewController.m */; };
		7BEC0E731D62DC06008C3D21 /* SLLYMenuView.m in Sources */ = {isa = PBXBuildFile; fileRef = 7BEC0E721D62DC06008C3D21 /* SLLYMenuView.m */; };
		7BEC0E791D63071F008C3D21 /* UIView+Frame.m in Sources */ = {isa = PBXBuildFile; fileRef = 7BEC0E781D63071F008C3D21 /* UIView+Frame.m */; };
		A6B8298C1E475A1CC2711DC7 /* libPods-CrazyDiary.a in Frameworks */ = {isa = PBXBuildFile; fileRef = 670C6A79B03524113760B72B /* libPods-CrazyDiary.a */; };
/* End PBXBuildFile section */

/* Begin PBXFileReference section */
		670C6A79B03524113760B72B /* libPods-CrazyDiary.a */ = {isa = PBXFileReference; explicitFileType = archive.ar; includeInIndex = 0; path = "libPods-CrazyDiary.a"; sourceTree = BUILT_PRODUCTS_DIR; };
		6DABF513B22FFDC752DD497E /* Pods-CrazyDiary.release.xcconfig */ = {isa = PBXFileReference; includeInIndex = 1; lastKnownFileType = text.xcconfig; name = "Pods-CrazyDiary.release.xcconfig"; path = "Pods/Target Support Files/Pods-CrazyDiary/Pods-CrazyDiary.release.xcconfig"; sourceTree = "<group>"; };
		7B36C9111D61B65B005FC2E1 /* CommonViewController.h */ = {isa = PBXFileReference; fileEncoding = 4; lastKnownFileType = sourcecode.c.h; path = CommonViewController.h; sourceTree = "<group>"; };
		7B36C9121D61B65B005FC2E1 /* CommonViewController.m */ = {isa = PBXFileReference; fileEncoding = 4; lastKnownFileType = sourcecode.c.objc; path = CommonViewController.m; sourceTree = "<group>"; };
		7B36C9141D61B679005FC2E1 /* BaseViewController.h */ = {isa = PBXFileReference; fileEncoding = 4; lastKnownFileType = sourcecode.c.h; path = BaseViewController.h; sourceTree = "<group>"; };
		7B36C9151D61B679005FC2E1 /* BaseViewController.m */ = {isa = PBXFileReference; fileEncoding = 4; lastKnownFileType = sourcecode.c.objc; path = BaseViewController.m; sourceTree = "<group>"; };
		7B36C9171D61B7A9005FC2E1 /* Define.h */ = {isa = PBXFileReference; fileEncoding = 4; lastKnownFileType = sourcecode.c.h; path = Define.h; sourceTree = "<group>"; };
		7B36C9181D61B843005FC2E1 /* PrefixHeader.pch */ = {isa = PBXFileReference; fileEncoding = 4; lastKnownFileType = sourcecode.c.h; path = PrefixHeader.pch; sourceTree = "<group>"; };
		7B9921AB1D66EAB2009FAE8C /* SLLYMenuButton.h */ = {isa = PBXFileReference; fileEncoding = 4; lastKnownFileType = sourcecode.c.h; path = SLLYMenuButton.h; sourceTree = "<group>"; };
		7B9921AC1D66EAB2009FAE8C /* SLLYMenuButton.m */ = {isa = PBXFileReference; fileEncoding = 4; lastKnownFileType = sourcecode.c.objc; path = SLLYMenuButton.m; sourceTree = "<group>"; };
		7BC6AEF71D61A677005EE8FB /* CrazyDiary.app */ = {isa = PBXFileReference; explicitFileType = wrapper.application; includeInIndex = 0; path = CrazyDiary.app; sourceTree = BUILT_PRODUCTS_DIR; };
		7BC6AEFB1D61A677005EE8FB /* main.m */ = {isa = PBXFileReference; lastKnownFileType = sourcecode.c.objc; path = main.m; sourceTree = "<group>"; };
		7BC6AEFD1D61A677005EE8FB /* AppDelegate.h */ = {isa = PBXFileReference; lastKnownFileType = sourcecode.c.h; path = AppDelegate.h; sourceTree = "<group>"; };
		7BC6AEFE1D61A677005EE8FB /* AppDelegate.m */ = {isa = PBXFileReference; lastKnownFileType = sourcecode.c.objc; path = AppDelegate.m; sourceTree = "<group>"; };
		7BC6AF061D61A677005EE8FB /* Assets.xcassets */ = {isa = PBXFileReference; lastKnownFileType = folder.assetcatalog; path = Assets.xcassets; sourceTree = "<group>"; };
		7BC6AF0B1D61A677005EE8FB /* Info.plist */ = {isa = PBXFileReference; lastKnownFileType = text.plist.xml; path = Info.plist; sourceTree = "<group>"; };
		7BEC0E6E1D62B1A9008C3D21 /* SLLYMenuViewController.h */ = {isa = PBXFileReference; fileEncoding = 4; lastKnownFileType = sourcecode.c.h; path = SLLYMenuViewController.h; sourceTree = "<group>"; };
		7BEC0E6F1D62B1A9008C3D21 /* SLLYMenuViewController.m */ = {isa = PBXFileReference; fileEncoding = 4; lastKnownFileType = sourcecode.c.objc; path = SLLYMenuViewController.m; sourceTree = "<group>"; };
		7BEC0E711D62DC06008C3D21 /* SLLYMenuView.h */ = {isa = PBXFileReference; fileEncoding = 4; lastKnownFileType = sourcecode.c.h; path = SLLYMenuView.h; sourceTree = "<group>"; };
		7BEC0E721D62DC06008C3D21 /* SLLYMenuView.m */ = {isa = PBXFileReference; fileEncoding = 4; lastKnownFileType = sourcecode.c.objc; path = SLLYMenuView.m; sourceTree = "<group>"; };
		7BEC0E771D63071F008C3D21 /* UIView+Frame.h */ = {isa = PBXFileReference; fileEncoding = 4; lastKnownFileType = sourcecode.c.h; path = "UIView+Frame.h"; sourceTree = "<group>"; };
		7BEC0E781D63071F008C3D21 /* UIView+Frame.m */ = {isa = PBXFileReference; fileEncoding = 4; lastKnownFileType = sourcecode.c.objc; path = "UIView+Frame.m"; sourceTree = "<group>"; };
		92454E6435606E356A4589FE /* Pods-CrazyDiary.debug.xcconfig */ = {isa = PBXFileReference; includeInIndex = 1; lastKnownFileType = text.xcconfig; name = "Pods-CrazyDiary.debug.xcconfig"; path = "Pods/Target Support Files/Pods-CrazyDiary/Pods-CrazyDiary.debug.xcconfig"; sourceTree = "<group>"; };
/* End PBXFileReference section */

/* Begin PBXFrameworksBuildPhase section */
		7BC6AEF41D61A677005EE8FB /* Frameworks */ = {
			isa = PBXFrameworksBuildPhase;
			buildActionMask = 2147483647;
			files = (
				A6B8298C1E475A1CC2711DC7 /* libPods-CrazyDiary.a in Frameworks */,
			);
			runOnlyForDeploymentPostprocessing = 0;
		};
/* End PBXFrameworksBuildPhase section */

/* Begin PBXGroup section */
		7B36C9101D61B536005FC2E1 /* Base */ = {
			isa = PBXGroup;
			children = (
				7B36C9111D61B65B005FC2E1 /* CommonViewController.h */,
				7B36C9121D61B65B005FC2E1 /* CommonViewController.m */,
				7B36C9141D61B679005FC2E1 /* BaseViewController.h */,
				7B36C9151D61B679005FC2E1 /* BaseViewController.m */,
				7B36C9171D61B7A9005FC2E1 /* Define.h */,
			);
			path = Base;
			sourceTree = "<group>";
		};
		7B36C9191D61BB8E005FC2E1 /* Frameworks */ = {
			isa = PBXGroup;
			children = (
				670C6A79B03524113760B72B /* libPods-CrazyDiary.a */,
			);
			name = Frameworks;
			path = CrazyDiary;
			sourceTree = "<group>";
		};
		7B36C91A1D61BBC1005FC2E1 /* lib */ = {
			isa = PBXGroup;
			children = (
			);
			path = lib;
			sourceTree = "<group>";
		};
		7BC6AEEE1D61A677005EE8FB = {
			isa = PBXGroup;
			children = (
				7BC6AEF91D61A677005EE8FB /* CrazyDiary */,
				7B36C9191D61BB8E005FC2E1 /* Frameworks */,
				7BC6AEF81D61A677005EE8FB /* Products */,
				CF1F98A33981019BC2501B6E /* Pods */,
			);
			sourceTree = "<group>";
		};
		7BC6AEF81D61A677005EE8FB /* Products */ = {
			isa = PBXGroup;
			children = (
				7BC6AEF71D61A677005EE8FB /* CrazyDiary.app */,
			);
			name = Products;
			sourceTree = "<group>";
		};
		7BC6AEF91D61A677005EE8FB /* CrazyDiary */ = {
			isa = PBXGroup;
			children = (
				7BEC0E761D63070A008C3D21 /* Utils */,
				7BEC0E6D1D62B0A7008C3D21 /* 侧边栏 */,
				7B36C9101D61B536005FC2E1 /* Base */,
				7BC6AEFD1D61A677005EE8FB /* AppDelegate.h */,
				7BC6AEFE1D61A677005EE8FB /* AppDelegate.m */,
				7BC6AEFA1D61A677005EE8FB /* Supporting Files */,
				7B36C91A1D61BBC1005FC2E1 /* lib */,
			);
			path = CrazyDiary;
			sourceTree = "<group>";
		};
		7BC6AEFA1D61A677005EE8FB /* Supporting Files */ = {
			isa = PBXGroup;
			children = (
				7BC6AF061D61A677005EE8FB /* Assets.xcassets */,
				7BC6AF0B1D61A677005EE8FB /* Info.plist */,
				7BC6AEFB1D61A677005EE8FB /* main.m */,
				7B36C9181D61B843005FC2E1 /* PrefixHeader.pch */,
			);
			name = "Supporting Files";
			sourceTree = "<group>";
		};
		7BEC0E6D1D62B0A7008C3D21 /* 侧边栏 */ = {
			isa = PBXGroup;
			children = (
				7BEC0E6E1D62B1A9008C3D21 /* SLLYMenuViewController.h */,
				7BEC0E6F1D62B1A9008C3D21 /* SLLYMenuViewController.m */,
				7BEC0E711D62DC06008C3D21 /* SLLYMenuView.h */,
				7BEC0E721D62DC06008C3D21 /* SLLYMenuView.m */,
				7B9921AB1D66EAB2009FAE8C /* SLLYMenuButton.h */,
				7B9921AC1D66EAB2009FAE8C /* SLLYMenuButton.m */,
			);
			path = "侧边栏";
			sourceTree = "<group>";
		};
		7BEC0E761D63070A008C3D21 /* Utils */ = {
			isa = PBXGroup;
			children = (
				7BEC0E771D63071F008C3D21 /* UIView+Frame.h */,
				7BEC0E781D63071F008C3D21 /* UIView+Frame.m */,
			);
			path = Utils;
			sourceTree = "<group>";
		};
		CF1F98A33981019BC2501B6E /* Pods */ = {
			isa = PBXGroup;
			children = (
				92454E6435606E356A4589FE /* Pods-CrazyDiary.debug.xcconfig */,
				6DABF513B22FFDC752DD497E /* Pods-CrazyDiary.release.xcconfig */,
			);
			name = Pods;
			sourceTree = "<group>";
		};
/* End PBXGroup section */

/* Begin PBXNativeTarget section */
		7BC6AEF61D61A677005EE8FB /* CrazyDiary */ = {
			isa = PBXNativeTarget;
			buildConfigurationList = 7BC6AF0E1D61A677005EE8FB /* Build configuration list for PBXNativeTarget "CrazyDiary" */;
			buildPhases = (
				187AF5AEE4E15234DE49B247 /* [CP] Check Pods Manifest.lock */,
				7BC6AEF31D61A677005EE8FB /* Sources */,
				7BC6AEF41D61A677005EE8FB /* Frameworks */,
				7BC6AEF51D61A677005EE8FB /* Resources */,
				8F74BFB6176C9D01A5822F16 /* [CP] Embed Pods Frameworks */,
				622B86E7651ACFA53D146192 /* [CP] Copy Pods Resources */,
			);
			buildRules = (
			);
			dependencies = (
			);
			name = CrazyDiary;
			productName = CrazyDiary;
			productReference = 7BC6AEF71D61A677005EE8FB /* CrazyDiary.app */;
			productType = "com.apple.product-type.application";
		};
/* End PBXNativeTarget section */

/* Begin PBXProject section */
		7BC6AEEF1D61A677005EE8FB /* Project object */ = {
			isa = PBXProject;
			attributes = {
				LastUpgradeCheck = 0730;
				ORGANIZATIONNAME = lilianyou;
				TargetAttributes = {
					7BC6AEF61D61A677005EE8FB = {
						CreatedOnToolsVersion = 7.3;
					};
				};
			};
			buildConfigurationList = 7BC6AEF21D61A677005EE8FB /* Build configuration list for PBXProject "CrazyDiary" */;
			compatibilityVersion = "Xcode 3.2";
			developmentRegion = English;
			hasScannedForEncodings = 0;
			knownRegions = (
				en,
				Base,
			);
			mainGroup = 7BC6AEEE1D61A677005EE8FB;
			productRefGroup = 7BC6AEF81D61A677005EE8FB /* Products */;
			projectDirPath = "";
			projectRoot = "";
			targets = (
				7BC6AEF61D61A677005EE8FB /* CrazyDiary */,
			);
		};
/* End PBXProject section */

/* Begin PBXResourcesBuildPhase section */
		7BC6AEF51D61A677005EE8FB /* Resources */ = {
			isa = PBXResourcesBuildPhase;
			buildActionMask = 2147483647;
			files = (
				7BC6AF071D61A677005EE8FB /* Assets.xcassets in Resources */,
			);
			runOnlyForDeploymentPostprocessing = 0;
		};
/* End PBXResourcesBuildPhase section */

/* Begin PBXShellScriptBuildPhase section */
		187AF5AEE4E15234DE49B247 /* [CP] Check Pods Manifest.lock */ = {
			isa = PBXShellScriptBuildPhase;
			buildActionMask = 2147483647;
			files = (
			);
			inputPaths = (
			);
			name = "[CP] Check Pods Manifest.lock";
			outputPaths = (
			);
			runOnlyForDeploymentPostprocessing = 0;
			shellPath = /bin/sh;
			shellScript = "diff \"${PODS_ROOT}/../Podfile.lock\" \"${PODS_ROOT}/Manifest.lock\" > /dev/null\nif [ $? != 0 ] ; then\n    # print error to STDERR\n    echo \"error: The sandbox is not in sync with the Podfile.lock. Run 'pod install' or update your CocoaPods installation.\" >&2\n    exit 1\nfi\n";
			showEnvVarsInLog = 0;
		};
		622B86E7651ACFA53D146192 /* [CP] Copy Pods Resources */ = {
			isa = PBXShellScriptBuildPhase;
			buildActionMask = 2147483647;
			files = (
			);
			inputPaths = (
			);
			name = "[CP] Copy Pods Resources";
			outputPaths = (
			);
			runOnlyForDeploymentPostprocessing = 0;
			shellPath = /bin/sh;
			shellScript = "\"${SRCROOT}/Pods/Target Support Files/Pods-CrazyDiary/Pods-CrazyDiary-resources.sh\"\n";
			showEnvVarsInLog = 0;
		};
		8F74BFB6176C9D01A5822F16 /* [CP] Embed Pods Frameworks */ = {
			isa = PBXShellScriptBuildPhase;
			buildActionMask = 2147483647;
			files = (
			);
			inputPaths = (
			);
			name = "[CP] Embed Pods Frameworks";
			outputPaths = (
			);
			runOnlyForDeploymentPostprocessing = 0;
			shellPath = /bin/sh;
			shellScript = "\"${SRCROOT}/Pods/Target Support Files/Pods-CrazyDiary/Pods-CrazyDiary-frameworks.sh\"\n";
			showEnvVarsInLog = 0;
		};
/* End PBXShellScriptBuildPhase section */

/* Begin PBXSourcesBuildPhase section */
		7BC6AEF31D61A677005EE8FB /* Sources */ = {
			isa = PBXSourcesBuildPhase;
			buildActionMask = 2147483647;
			files = (
				7B9921AD1D66EAB2009FAE8C /* SLLYMenuButton.m in Sources */,
				7BC6AEFF1D61A677005EE8FB /* AppDelegate.m in Sources */,
				7B36C9161D61B679005FC2E1 /* BaseViewController.m in Sources */,
				7BC6AEFC1D61A677005EE8FB /* main.m in Sources */,
				7BEC0E791D63071F008C3D21 /* UIView+Frame.m in Sources */,
				7BEC0E731D62DC06008C3D21 /* SLLYMenuView.m in Sources */,
				7BEC0E701D62B1A9008C3D21 /* SLLYMenuViewController.m in Sources */,
				7B36C9131D61B65B005FC2E1 /* CommonViewController.m in Sources */,
			);
			runOnlyForDeploymentPostprocessing = 0;
		};
/* End PBXSourcesBuildPhase section */

/* Begin XCBuildConfiguration section */
		7BC6AF0C1D61A677005EE8FB /* Debug */ = {
			isa = XCBuildConfiguration;
			buildSettings = {
				ALWAYS_SEARCH_USER_PATHS = NO;
				CLANG_ANALYZER_NONNULL = YES;
				CLANG_CXX_LANGUAGE_STANDARD = "gnu++0x";
				CLANG_CXX_LIBRARY = "libc++";
				CLANG_ENABLE_MODULES = YES;
				CLANG_ENABLE_OBJC_ARC = YES;
				CLANG_WARN_BOOL_CONVERSION = YES;
				CLANG_WARN_CONSTANT_CONVERSION = YES;
				CLANG_WARN_DIRECT_OBJC_ISA_USAGE = YES_ERROR;
				CLANG_WARN_EMPTY_BODY = YES;
				CLANG_WARN_ENUM_CONVERSION = YES;
				CLANG_WARN_INT_CONVERSION = YES;
				CLANG_WARN_OBJC_ROOT_CLASS = YES_ERROR;
				CLANG_WARN_UNREACHABLE_CODE = YES;
				CLANG_WARN__DUPLICATE_METHOD_MATCH = YES;
				"CODE_SIGN_IDENTITY[sdk=iphoneos*]" = "iPhone Developer";
				COPY_PHASE_STRIP = NO;
				DEBUG_INFORMATION_FORMAT = dwarf;
				ENABLE_STRICT_OBJC_MSGSEND = YES;
				ENABLE_TESTABILITY = YES;
				GCC_C_LANGUAGE_STANDARD = gnu99;
				GCC_DYNAMIC_NO_PIC = NO;
				GCC_NO_COMMON_BLOCKS = YES;
				GCC_OPTIMIZATION_LEVEL = 0;
				GCC_PREPROCESSOR_DEFINITIONS = (
					"DEBUG=1",
					"$(inherited)",
				);
				GCC_WARN_64_TO_32_BIT_CONVERSION = YES;
				GCC_WARN_ABOUT_RETURN_TYPE = YES_ERROR;
				GCC_WARN_UNDECLARED_SELECTOR = YES;
				GCC_WARN_UNINITIALIZED_AUTOS = YES_AGGRESSIVE;
				GCC_WARN_UNUSED_FUNCTION = YES;
				GCC_WARN_UNUSED_VARIABLE = YES;
				IPHONEOS_DEPLOYMENT_TARGET = 9.3;
				MTL_ENABLE_DEBUG_INFO = YES;
				ONLY_ACTIVE_ARCH = YES;
				SDKROOT = iphoneos;
				TARGETED_DEVICE_FAMILY = "1,2";
			};
			name = Debug;
		};
		7BC6AF0D1D61A677005EE8FB /* Release */ = {
			isa = XCBuildConfiguration;
			buildSettings = {
				ALWAYS_SEARCH_USER_PATHS = NO;
				CLANG_ANALYZER_NONNULL = YES;
				CLANG_CXX_LANGUAGE_STANDARD = "gnu++0x";
				CLANG_CXX_LIBRARY = "libc++";
				CLANG_ENABLE_MODULES = YES;
				CLANG_ENABLE_OBJC_ARC = YES;
				CLANG_WARN_BOOL_CONVERSION = YES;
				CLANG_WARN_CONSTANT_CONVERSION = YES;
				CLANG_WARN_DIRECT_OBJC_ISA_USAGE = YES_ERROR;
				CLANG_WARN_EMPTY_BODY = YES;
				CLANG_WARN_ENUM_CONVERSION = YES;
				CLANG_WARN_INT_CONVERSION = YES;
				CLANG_WARN_OBJC_ROOT_CLASS = YES_ERROR;
				CLANG_WARN_UNREACHABLE_CODE = YES;
				CLANG_WARN__DUPLICATE_METHOD_MATCH = YES;
				"CODE_SIGN_IDENTITY[sdk=iphoneos*]" = "iPhone Developer";
				COPY_PHASE_STRIP = NO;
				DEBUG_INFORMATION_FORMAT = "dwarf-with-dsym";
				ENABLE_NS_ASSERTIONS = NO;
				ENABLE_STRICT_OBJC_MSGSEND = YES;
				GCC_C_LANGUAGE_STANDARD = gnu99;
				GCC_NO_COMMON_BLOCKS = YES;
				GCC_WARN_64_TO_32_BIT_CONVERSION = YES;
				GCC_WARN_ABOUT_RETURN_TYPE = YES_ERROR;
				GCC_WARN_UNDECLARED_SELECTOR = YES;
				GCC_WARN_UNINITIALIZED_AUTOS = YES_AGGRESSIVE;
				GCC_WARN_UNUSED_FUNCTION = YES;
				GCC_WARN_UNUSED_VARIABLE = YES;
				IPHONEOS_DEPLOYMENT_TARGET = 9.3;
				MTL_ENABLE_DEBUG_INFO = NO;
				SDKROOT = iphoneos;
				TARGETED_DEVICE_FAMILY = "1,2";
				VALIDATE_PRODUCT = YES;
			};
			name = Release;
		};
		7BC6AF0F1D61A677005EE8FB /* Debug */ = {
			isa = XCBuildConfiguration;
			baseConfigurationReference = 92454E6435606E356A4589FE /* Pods-CrazyDiary.debug.xcconfig */;
			buildSettings = {
				ASSETCATALOG_COMPILER_APPICON_NAME = AppIcon;
				ASSETCATALOG_COMPILER_LAUNCHIMAGE_NAME = LaunchImage;
				GCC_PRECOMPILE_PREFIX_HEADER = YES;
				GCC_PREFIX_HEADER = "$(PROJECT)/PrefixHeader.pch";
				INFOPLIST_FILE = CrazyDiary/Info.plist;
				IPHONEOS_DEPLOYMENT_TARGET = 7.0;
				LD_RUNPATH_SEARCH_PATHS = "$(inherited) @executable_path/Frameworks";
				PRODUCT_BUNDLE_IDENTIFIER = com.Crazy.ios.CrazyDiary;
				PRODUCT_NAME = "$(TARGET_NAME)";
				TARGETED_DEVICE_FAMILY = 1;
			};
			name = Debug;
		};
		7BC6AF101D61A677005EE8FB /* Release */ = {
			isa = XCBuildConfiguration;
			baseConfigurationReference = 6DABF513B22FFDC752DD497E /* Pods-CrazyDiary.release.xcconfig */;
			buildSettings = {
				ASSETCATALOG_COMPILER_APPICON_NAME = AppIcon;
				ASSETCATALOG_COMPILER_LAUNCHIMAGE_NAME = LaunchImage;
				GCC_PRECOMPILE_PREFIX_HEADER = YES;
				GCC_PREFIX_HEADER = "$(PROJECT)/PrefixHeader.pch";
				INFOPLIST_FILE = CrazyDiary/Info.plist;
				IPHONEOS_DEPLOYMENT_TARGET = 7.0;
				LD_RUNPATH_SEARCH_PATHS = "$(inherited) @executable_path/Frameworks";
				PRODUCT_BUNDLE_IDENTIFIER = com.Crazy.ios.CrazyDiary;
				PRODUCT_NAME = "$(TARGET_NAME)";
				TARGETED_DEVICE_FAMILY = 1;
			};
			name = Release;
		};
/* End XCBuildConfiguration section */

/* Begin XCConfigurationList section */
		7BC6AEF21D61A677005EE8FB /* Build configuration list for PBXProject "CrazyDiary" */ = {
			isa = XCConfigurationList;
			buildConfigurations = (
				7BC6AF0C1D61A677005EE8FB /* Debug */,
				7BC6AF0D1D61A677005EE8FB /* Release */,
			);
			defaultConfigurationIsVisible = 0;
			defaultConfigurationName = Release;
		};
		7BC6AF0E1D61A677005EE8FB /* Build configuration list for PBXNativeTarget "CrazyDiary" */ = {
			isa = XCConfigurationList;
			buildConfigurations = (
				7BC6AF0F1D61A677005EE8FB /* Debug */,
				7BC6AF101D61A677005EE8FB /* Release */,
			);
			defaultConfigurationIsVisible = 0;
			defaultConfigurationName = Release;
		};
/* End XCConfigurationList section */
	};
	rootObject = 7BC6AEEF1D61A677005EE8FB /* Project object */;
}
